
Microsoft Visual Studio Solution File, Format Version 12.00
# Visual Studio Version 16
VisualStudioVersion = 16.0.31729.503
MinimumVisualStudioVersion = 10.0.40219.1
Project("{9A19103F-16F7-4668-BE54-9A1E7A4F7556}") = "OdeToFood", "ode_to_food\OdeToFood.csproj", "{6B27E789-9C2D-4EDD-97CD-8206AB650D73}"
EndProject
Project("{9A19103F-16F7-4668-BE54-9A1E7A4F7556}") = "OdeToFood.Core", "OdeToFood.Core\OdeToFood.Core.csproj", "{C6D216D8-3104-42F3-8731-8195C56B706F}"
EndProject
Project("{9A19103F-16F7-4668-BE54-9A1E7A4F7556}") = "OdeToFood.Data", "OdeToFood.Data\OdeToFood.Data.csproj", "{863A8CEC-D1D8-4E2B-9095-4205FA6D834F}"
EndProject
Global
	GlobalSection(SolutionConfigurationPlatforms) = preSolution
		Debug|Any CPU = Debug|Any CPU
		Release|Any CPU = Release|Any CPU
	EndGlobalSection
	GlobalSection(ProjectConfigurationPlatforms) = postSolution
		{6B27E789-9C2D-4EDD-97CD-8206AB650D73}.Debug|Any CPU.ActiveCfg = Debug|Any CPU
		{6B27E789-9C2D-4EDD-97CD-8206AB650D73}.Debug|Any CPU.Build.0 = Debug|Any CPU
		{6B27E789-9C2D-4EDD-97CD-8206AB650D73}.Release|Any CPU.ActiveCfg = Release|Any CPU
		{6B27E789-9C2D-4EDD-97CD-8206AB650D73}.Release|Any CPU.Build.0 = Release|Any CPU
		{C6D216D8-3104-42F3-8731-8195C56B706F}.Debug|Any CPU.ActiveCfg = Debug|Any CPU
		{C6D216D8-3104-42F3-8731-8195C56B706F}.Debug|Any CPU.Build.0 = Debug|Any CPU
		{C6D216D8-3104-42F3-8731-8195C56B706F}.Release|Any CPU.ActiveCfg = Release|Any CPU
		{C6D216D8-3104-42F3-8731-8195C56B706F}.Release|Any CPU.Build.0 = Release|Any CPU
		{863A8CEC-D1D8-4E2B-9095-4205FA6D834F}.Debug|Any CPU.ActiveCfg = Debug|Any CPU
		{863A8CEC-D1D8-4E2B-9095-4205FA6D834F}.Debug|Any CPU.Build.0 = Debug|Any CPU
		{863A8CEC-D1D8-4E2B-9095-4205FA6D834F}.Release|Any CPU.ActiveCfg = Release|Any CPU
		{863A8CEC-D1D8-4E2B-9095-4205FA6D834F}.Release|Any CPU.Build.0 = Release|Any CPU
	EndGlobalSection
	GlobalSection(SolutionProperties) = preSolution
		HideSolutionNode = FALSE
	EndGlobalSection
	GlobalSection(ExtensibilityGlobals) = postSolution
		SolutionGuid = {16A49FFE-372C-495D-BBA6-896CD5856407}
	EndGlobalSection
EndGlobal
